
Microsoft Visual Studio Solution File, Format Version 12.00
# Visual Studio Version 17
VisualStudioVersion = 17.0.32014.148
MinimumVisualStudioVersion = 10.0.40219.1
Project("{FAE04EC0-301F-11D3-BF4B-00C04F79EFBC}") = "ScpsInfoDisplay", "ScpsInfoDisplay\ScpsInfoDisplay.csproj", "{8DAA7834-8141-448E-8694-EBE9F4800C66}"
EndProject
Project("{DE55514B-C887-4021-80A4-6572F4EE1894}") = "ScpsInfoDisplay-NWAPI", "ScpsInfoDisplay-NWAPI\ScpsInfoDisplay.csproj", "{DE55514B-C887-4021-80A4-6572F4EE1894}"
EndProject
Global
	GlobalSection(SolutionConfigurationPlatforms) = preSolution
		Debug|Any CPU = Debug|Any CPU
		Release|Any CPU = Release|Any CPU
	EndGlobalSection
	GlobalSection(ProjectConfigurationPlatforms) = postSolution
		{8DAA7834-8141-448E-8694-EBE9F4800C66}.Release|Any CPU.ActiveCfg = Release|Any CPU
		{8DAA7834-8141-448E-8694-EBE9F4800C66}.Release|Any CPU.Build.0 = Release|Any CPU
		{8DAA7834-8141-448E-8694-EBE9F4800C66}.Debug|Any CPU.ActiveCfg = Release|Any CPU
		{8DAA7834-8141-448E-8694-EBE9F4800C66}.Debug|Any CPU.Build.0 = Release|Any CPU
		{DE55514B-C887-4021-80A4-6572F4EE1894}.Debug|Any CPU.ActiveCfg = Release|Any CPU
		{DE55514B-C887-4021-80A4-6572F4EE1894}.Debug|Any CPU.Build.0 = Release|Any CPU
	EndGlobalSection
	GlobalSection(SolutionProperties) = preSolution
		HideSolutionNode = FALSE
	EndGlobalSection
	GlobalSection(ExtensibilityGlobals) = postSolution
		SolutionGuid = {93FC9CD8-3B2D-45A1-AC80-1EFFAA30D6EF}
	EndGlobalSection
EndGlobal
